// !$*UTF8*$!
{
	archiveVersion = 1;
	classes = {
	};
	objectVersion = 50;
	objects = {

/* Begin PBXBuildFile section */
		854C71DD24A1B91A009F9C07 /* AppDelegate.swift in Sources */ = {isa = PBXBuildFile; fileRef = 854C71DC24A1B91A009F9C07 /* AppDelegate.swift */; };
		854C71DF24A1B91A009F9C07 /* SceneDelegate.swift in Sources */ = {isa = PBXBuildFile; fileRef = 854C71DE24A1B91A009F9C07 /* SceneDelegate.swift */; };
		854C71E424A1B91A009F9C07 /* Main.storyboard in Resources */ = {isa = PBXBuildFile; fileRef = 854C71E224A1B91A009F9C07 /* Main.storyboard */; };
		854C71E624A1B91B009F9C07 /* Assets.xcassets in Resources */ = {isa = PBXBuildFile; fileRef = 854C71E524A1B91B009F9C07 /* Assets.xcassets */; };
		854C71E924A1B91B009F9C07 /* LaunchScreen.storyboard in Resources */ = {isa = PBXBuildFile; fileRef = 854C71E724A1B91B009F9C07 /* LaunchScreen.storyboard */; };
		854C71F324A1B983009F9C07 /* TaskTableViewController.swift in Sources */ = {isa = PBXBuildFile; fileRef = 854C71F224A1B983009F9C07 /* TaskTableViewController.swift */; };
		854C71F524A1BB5C009F9C07 /* Task.swift in Sources */ = {isa = PBXBuildFile; fileRef = 854C71F424A1BB5C009F9C07 /* Task.swift */; };
		854C71F724A1BCCB009F9C07 /* Model.swift in Sources */ = {isa = PBXBuildFile; fileRef = 854C71F624A1BCCB009F9C07 /* Model.swift */; };
		85FC2BCD24A278A200B89BEF /* TaskCell.swift in Sources */ = {isa = PBXBuildFile; fileRef = 85FC2BCC24A278A200B89BEF /* TaskCell.swift */; };
/* End PBXBuildFile section */

/* Begin PBXFileReference section */
		854C71D924A1B91A009F9C07 /* TaskManager.app */ = {isa = PBXFileReference; explicitFileType = wrapper.application; includeInIndex = 0; path = TaskManager.app; sourceTree = BUILT_PRODUCTS_DIR; };
		854C71DC24A1B91A009F9C07 /* AppDelegate.swift */ = {isa = PBXFileReference; lastKnownFileType = sourcecode.swift; path = AppDelegate.swift; sourceTree = "<group>"; };
		854C71DE24A1B91A009F9C07 /* SceneDelegate.swift */ = {isa = PBXFileReference; lastKnownFileType = sourcecode.swift; path = SceneDelegate.swift; sourceTree = "<group>"; };
		854C71E324A1B91A009F9C07 /* Base */ = {isa = PBXFileReference; lastKnownFileType = file.storyboard; name = Base; path = Base.lproj/Main.storyboard; sourceTree = "<group>"; };
		854C71E524A1B91B009F9C07 /* Assets.xcassets */ = {isa = PBXFileReference; lastKnownFileType = folder.assetcatalog; path = Assets.xcassets; sourceTree = "<group>"; };
		854C71E824A1B91B009F9C07 /* Base */ = {isa = PBXFileReference; lastKnownFileType = file.storyboard; name = Base; path = Base.lproj/LaunchScreen.storyboard; sourceTree = "<group>"; };
		854C71EA24A1B91B009F9C07 /* Info.plist */ = {isa = PBXFileReference; lastKnownFileType = text.plist.xml; path = Info.plist; sourceTree = "<group>"; };
		854C71F224A1B983009F9C07 /* TaskTableViewController.swift */ = {isa = PBXFileReference; lastKnownFileType = sourcecode.swift; path = TaskTableViewController.swift; sourceTree = "<group>"; };
		854C71F424A1BB5C009F9C07 /* Task.swift */ = {isa = PBXFileReference; lastKnownFileType = sourcecode.swift; path = Task.swift; sourceTree = "<group>"; };
		854C71F624A1BCCB009F9C07 /* Model.swift */ = {isa = PBXFileReference; lastKnownFileType = sourcecode.swift; path = Model.swift; sourceTree = "<group>"; };
		85FC2BCC24A278A200B89BEF /* TaskCell.swift */ = {isa = PBXFileReference; lastKnownFileType = sourcecode.swift; path = TaskCell.swift; sourceTree = "<group>"; };
/* End PBXFileReference section */

/* Begin PBXFrameworksBuildPhase section */
		854C71D624A1B91A009F9C07 /* Frameworks */ = {
			isa = PBXFrameworksBuildPhase;
			buildActionMask = 2147483647;
			files = (
			);
			runOnlyForDeploymentPostprocessing = 0;
		};
/* End PBXFrameworksBuildPhase section */

/* Begin PBXGroup section */
		854C71D024A1B91A009F9C07 = {
			isa = PBXGroup;
			children = (
				854C71DB24A1B91A009F9C07 /* TaskManager */,
				854C71DA24A1B91A009F9C07 /* Products */,
			);
			sourceTree = "<group>";
		};
		854C71DA24A1B91A009F9C07 /* Products */ = {
			isa = PBXGroup;
			children = (
				854C71D924A1B91A009F9C07 /* TaskManager.app */,
			);
			name = Products;
			sourceTree = "<group>";
		};
		854C71DB24A1B91A009F9C07 /* TaskManager */ = {
			isa = PBXGroup;
			children = (
				854C71DC24A1B91A009F9C07 /* AppDelegate.swift */,
				854C71DE24A1B91A009F9C07 /* SceneDelegate.swift */,
				85FC2BCE24A278A600B89BEF /* Cell */,
				854C71F824A1BDBA009F9C07 /* Controller */,
				854C71F924A1BDC6009F9C07 /* Model */,
				854C71E224A1B91A009F9C07 /* Main.storyboard */,
				854C71E524A1B91B009F9C07 /* Assets.xcassets */,
				854C71E724A1B91B009F9C07 /* LaunchScreen.storyboard */,
				854C71EA24A1B91B009F9C07 /* Info.plist */,
			);
			path = TaskManager;
			sourceTree = "<group>";
		};
		854C71F824A1BDBA009F9C07 /* Controller */ = {
			isa = PBXGroup;
			children = (
				854C71F224A1B983009F9C07 /* TaskTableViewController.swift */,
			);
			path = Controller;
			sourceTree = "<group>";
		};
		854C71F924A1BDC6009F9C07 /* Model */ = {
			isa = PBXGroup;
			children = (
				854C71F424A1BB5C009F9C07 /* Task.swift */,
				854C71F624A1BCCB009F9C07 /* Model.swift */,
			);
			path = Model;
			sourceTree = "<group>";
		};
		85FC2BCE24A278A600B89BEF /* Cell */ = {
			isa = PBXGroup;
			children = (
				85FC2BCC24A278A200B89BEF /* TaskCell.swift */,
			);
			path = Cell;
			sourceTree = "<group>";
		};
/* End PBXGroup section */

/* Begin PBXNativeTarget section */
		854C71D824A1B91A009F9C07 /* TaskManager */ = {
			isa = PBXNativeTarget;
			buildConfigurationList = 854C71ED24A1B91B009F9C07 /* Build configuration list for PBXNativeTarget "TaskManager" */;
			buildPhases = (
				854C71D524A1B91A009F9C07 /* Sources */,
				854C71D624A1B91A009F9C07 /* Frameworks */,
				854C71D724A1B91A009F9C07 /* Resources */,
			);
			buildRules = (
			);
			dependencies = (
			);
			name = TaskManager;
			productName = TaskManager;
			productReference = 854C71D924A1B91A009F9C07 /* TaskManager.app */;
			productType = "com.apple.product-type.application";
		};
/* End PBXNativeTarget section */

/* Begin PBXProject section */
		854C71D124A1B91A009F9C07 /* Project object */ = {
			isa = PBXProject;
			attributes = {
				LastSwiftUpdateCheck = 1150;
				LastUpgradeCheck = 1150;
				ORGANIZATIONNAME = "Evgeny Kolesnik";
				TargetAttributes = {
					854C71D824A1B91A009F9C07 = {
						CreatedOnToolsVersion = 11.5;
					};
				};
			};
			buildConfigurationList = 854C71D424A1B91A009F9C07 /* Build configuration list for PBXProject "TaskManager" */;
			compatibilityVersion = "Xcode 9.3";
			developmentRegion = en;
			hasScannedForEncodings = 0;
			knownRegions = (
				en,
				Base,
			);
			mainGroup = 854C71D024A1B91A009F9C07;
			productRefGroup = 854C71DA24A1B91A009F9C07 /* Products */;
			projectDirPath = "";
			projectRoot = "";
			targets = (
				854C71D824A1B91A009F9C07 /* TaskManager */,
			);
		};
/* End PBXProject section */

/* Begin PBXResourcesBuildPhase section */
		854C71D724A1B91A009F9C07 /* Resources */ = {
			isa = PBXResourcesBuildPhase;
			buildActionMask = 2147483647;
			files = (
				854C71E924A1B91B009F9C07 /* LaunchScreen.storyboard in Resources */,
				854C71E624A1B91B009F9C07 /* Assets.xcassets in Resources */,
				854C71E424A1B91A009F9C07 /* Main.storyboard in Resources */,
			);
			runOnlyForDeploymentPostprocessing = 0;
		};
/* End PBXResourcesBuildPhase section */

/* Begin PBXSourcesBuildPhase section */
		854C71D524A1B91A009F9C07 /* Sources */ = {
			isa = PBXSourcesBuildPhase;
			buildActionMask = 2147483647;
			files = (
				854C71F724A1BCCB009F9C07 /* Model.swift in Sources */,
				854C71F524A1BB5C009F9C07 /* Task.swift in Sources */,
				854C71DD24A1B91A009F9C07 /* AppDelegate.swift in Sources */,
				854C71F324A1B983009F9C07 /* TaskTableViewController.swift in Sources */,
				85FC2BCD24A278A200B89BEF /* TaskCell.swift in Sources */,
				854C71DF24A1B91A009F9C07 /* SceneDelegate.swift in Sources */,
			);
			runOnlyForDeploymentPostprocessing = 0;
		};
/* End PBXSourcesBuildPhase section */

/* Begin PBXVariantGroup section */
		854C71E224A1B91A009F9C07 /* Main.storyboard */ = {
			isa = PBXVariantGroup;
			children = (
				854C71E324A1B91A009F9C07 /* Base */,
			);
			name = Main.storyboard;
			sourceTree = "<group>";
		};
		854C71E724A1B91B009F9C07 /* LaunchScreen.storyboard */ = {
			isa = PBXVariantGroup;
			children = (
				854C71E824A1B91B009F9C07 /* Base */,
			);
			name = LaunchScreen.storyboard;
			sourceTree = "<group>";
		};
/* End PBXVariantGroup section */

/* Begin XCBuildConfiguration section */
		854C71EB24A1B91B009F9C07 /* Debug */ = {
			isa = XCBuildConfiguration;
			buildSettings = {
				ALWAYS_SEARCH_USER_PATHS = NO;
				CLANG_ANALYZER_NONNULL = YES;
				CLANG_ANALYZER_NUMBER_OBJECT_CONVERSION = YES_AGGRESSIVE;
				CLANG_CXX_LANGUAGE_STANDARD = "gnu++14";
				CLANG_CXX_LIBRARY = "libc++";
				CLANG_ENABLE_MODULES = YES;
				CLANG_ENABLE_OBJC_ARC = YES;
				CLANG_ENABLE_OBJC_WEAK = YES;
				CLANG_WARN_BLOCK_CAPTURE_AUTORELEASING = YES;
				CLANG_WARN_BOOL_CONVERSION = YES;
				CLANG_WARN_COMMA = YES;
				CLANG_WARN_CONSTANT_CONVERSION = YES;
				CLANG_WARN_DEPRECATED_OBJC_IMPLEMENTATIONS = YES;
				CLANG_WARN_DIRECT_OBJC_ISA_USAGE = YES_ERROR;
				CLANG_WARN_DOCUMENTATION_COMMENTS = YES;
				CLANG_WARN_EMPTY_BODY = YES;
				CLANG_WARN_ENUM_CONVERSION = YES;
				CLANG_WARN_INFINITE_RECURSION = YES;
				CLANG_WARN_INT_CONVERSION = YES;
				CLANG_WARN_NON_LITERAL_NULL_CONVERSION = YES;
				CLANG_WARN_OBJC_IMPLICIT_RETAIN_SELF = YES;
				CLANG_WARN_OBJC_LITERAL_CONVERSION = YES;
				CLANG_WARN_OBJC_ROOT_CLASS = YES_ERROR;
				CLANG_WARN_RANGE_LOOP_ANALYSIS = YES;
				CLANG_WARN_STRICT_PROTOTYPES = YES;
				CLANG_WARN_SUSPICIOUS_MOVE = YES;
				CLANG_WARN_UNGUARDED_AVAILABILITY = YES_AGGRESSIVE;
				CLANG_WARN_UNREACHABLE_CODE = YES;
				CLANG_WARN__DUPLICATE_METHOD_MATCH = YES;
				COPY_PHASE_STRIP = NO;
				DEBUG_INFORMATION_FORMAT = dwarf;
				ENABLE_STRICT_OBJC_MSGSEND = YES;
				ENABLE_TESTABILITY = YES;
				GCC_C_LANGUAGE_STANDARD = gnu11;
				GCC_DYNAMIC_NO_PIC = NO;
				GCC_NO_COMMON_BLOCKS = YES;
				GCC_OPTIMIZATION_LEVEL = 0;
				GCC_PREPROCESSOR_DEFINITIONS = (
					"DEBUG=1",
					"$(inherited)",
				);
				GCC_WARN_64_TO_32_BIT_CONVERSION = YES;
				GCC_WARN_ABOUT_RETURN_TYPE = YES_ERROR;
				GCC_WARN_UNDECLARED_SELECTOR = YES;
				GCC_WARN_UNINITIALIZED_AUTOS = YES_AGGRESSIVE;
				GCC_WARN_UNUSED_FUNCTION = YES;
				GCC_WARN_UNUSED_VARIABLE = YES;
				IPHONEOS_DEPLOYMENT_TARGET = 13.5;
				MTL_ENABLE_DEBUG_INFO = INCLUDE_SOURCE;
				MTL_FAST_MATH = YES;
				ONLY_ACTIVE_ARCH = YES;
				SDKROOT = iphoneos;
				SWIFT_ACTIVE_COMPILATION_CONDITIONS = DEBUG;
				SWIFT_OPTIMIZATION_LEVEL = "-Onone";
			};
			name = Debug;
		};
		854C71EC24A1B91B009F9C07 /* Release */ = {
			isa = XCBuildConfiguration;
			buildSettings = {
				ALWAYS_SEARCH_USER_PATHS = NO;
				CLANG_ANALYZER_NONNULL = YES;
				CLANG_ANALYZER_NUMBER_OBJECT_CONVERSION = YES_AGGRESSIVE;
				CLANG_CXX_LANGUAGE_STANDARD = "gnu++14";
				CLANG_CXX_LIBRARY = "libc++";
				CLANG_ENABLE_MODULES = YES;
				CLANG_ENABLE_OBJC_ARC = YES;
				CLANG_ENABLE_OBJC_WEAK = YES;
				CLANG_WARN_BLOCK_CAPTURE_AUTORELEASING = YES;
				CLANG_WARN_BOOL_CONVERSION = YES;
				CLANG_WARN_COMMA = YES;
				CLANG_WARN_CONSTANT_CONVERSION = YES;
				CLANG_WARN_DEPRECATED_OBJC_IMPLEMENTATIONS = YES;
				CLANG_WARN_DIRECT_OBJC_ISA_USAGE = YES_ERROR;
				CLANG_WARN_DOCUMENTATION_COMMENTS = YES;
				CLANG_WARN_EMPTY_BODY = YES;
				CLANG_WARN_ENUM_CONVERSION = YES;
				CLANG_WARN_INFINITE_RECURSION = YES;
				CLANG_WARN_INT_CONVERSION = YES;
				CLANG_WARN_NON_LITERAL_NULL_CONVERSION = YES;
				CLANG_WARN_OBJC_IMPLICIT_RETAIN_SELF = YES;
				CLANG_WARN_OBJC_LITERAL_CONVERSION = YES;
				CLANG_WARN_OBJC_ROOT_CLASS = YES_ERROR;
				CLANG_WARN_RANGE_LOOP_ANALYSIS = YES;
				CLANG_WARN_STRICT_PROTOTYPES = YES;
				CLANG_WARN_SUSPICIOUS_MOVE = YES;
				CLANG_WARN_UNGUARDED_AVAILABILITY = YES_AGGRESSIVE;
				CLANG_WARN_UNREACHABLE_CODE = YES;
				CLANG_WARN__DUPLICATE_METHOD_MATCH = YES;
				COPY_PHASE_STRIP = NO;
				DEBUG_INFORMATION_FORMAT = "dwarf-with-dsym";
				ENABLE_NS_ASSERTIONS = NO;
				ENABLE_STRICT_OBJC_MSGSEND = YES;
				GCC_C_LANGUAGE_STANDARD = gnu11;
				GCC_NO_COMMON_BLOCKS = YES;
				GCC_WARN_64_TO_32_BIT_CONVERSION = YES;
				GCC_WARN_ABOUT_RETURN_TYPE = YES_ERROR;
				GCC_WARN_UNDECLARED_SELECTOR = YES;
				GCC_WARN_UNINITIALIZED_AUTOS = YES_AGGRESSIVE;
				GCC_WARN_UNUSED_FUNCTION = YES;
				GCC_WARN_UNUSED_VARIABLE = YES;
				IPHONEOS_DEPLOYMENT_TARGET = 13.5;
				MTL_ENABLE_DEBUG_INFO = NO;
				MTL_FAST_MATH = YES;
				SDKROOT = iphoneos;
				SWIFT_COMPILATION_MODE = wholemodule;
				SWIFT_OPTIMIZATION_LEVEL = "-O";
				VALIDATE_PRODUCT = YES;
			};
			name = Release;
		};
		854C71EE24A1B91B009F9C07 /* Debug */ = {
			isa = XCBuildConfiguration;
			buildSettings = {
				ASSETCATALOG_COMPILER_APPICON_NAME = AppIcon;
				CODE_SIGN_STYLE = Automatic;
				DEVELOPMENT_TEAM = W6ZDKVB5LR;
				INFOPLIST_FILE = TaskManager/Info.plist;
				LD_RUNPATH_SEARCH_PATHS = (
					"$(inherited)",
					"@executable_path/Frameworks",
				);
				PRODUCT_BUNDLE_IDENTIFIER = EK.TaskManager;
				PRODUCT_NAME = "$(TARGET_NAME)";
				SWIFT_VERSION = 5.0;
				TARGETED_DEVICE_FAMILY = "1,2";
			};
			name = Debug;
		};
		854C71EF24A1B91B009F9C07 /* Release */ = {
			isa = XCBuildConfiguration;
			buildSettings = {
				ASSETCATALOG_COMPILER_APPICON_NAME = AppIcon;
				CODE_SIGN_STYLE = Automatic;
				DEVELOPMENT_TEAM = W6ZDKVB5LR;
				INFOPLIST_FILE = TaskManager/Info.plist;
				LD_RUNPATH_SEARCH_PATHS = (
					"$(inherited)",
					"@executable_path/Frameworks",
				);
				PRODUCT_BUNDLE_IDENTIFIER = EK.TaskManager;
				PRODUCT_NAME = "$(TARGET_NAME)";
				SWIFT_VERSION = 5.0;
				TARGETED_DEVICE_FAMILY = "1,2";
			};
			name = Release;
		};
/* End XCBuildConfiguration section */

/* Begin XCConfigurationList section */
		854C71D424A1B91A009F9C07 /* Build configuration list for PBXProject "TaskManager" */ = {
			isa = XCConfigurationList;
			buildConfigurations = (
				854C71EB24A1B91B009F9C07 /* Debug */,
				854C71EC24A1B91B009F9C07 /* Release */,
			);
			defaultConfigurationIsVisible = 0;
			defaultConfigurationName = Release;
		};
		854C71ED24A1B91B009F9C07 /* Build configuration list for PBXNativeTarget "TaskManager" */ = {
			isa = XCConfigurationList;
			buildConfigurations = (
				854C71EE24A1B91B009F9C07 /* Debug */,
				854C71EF24A1B91B009F9C07 /* Release */,
			);
			defaultConfigurationIsVisible = 0;
			defaultConfigurationName = Release;
		};
/* End XCConfigurationList section */
	};
	rootObject = 854C71D124A1B91A009F9C07 /* Project object */;
}
